{
  "nodes": {
    "nixpkgs": {
      "locked": {
        "lastModified": 1614321075,
        "narHash": "sha256-9HeGjJlQoGpV5ppDzDSB9JB6uy8MyvMcqFe7q/mWr3k=",
        "owner": "NixOS",
        "repo": "nixpkgs",
        "rev": "870dbb751f4d851a3dfb554835a0c2f528386982",
        "type": "github"
      },
      "original": {
        "owner": "NixOS",
        "ref": "nixpkgs-unstable",
        "repo": "nixpkgs",
        "type": "github"
      }
    },
    "root": {
      "inputs": {
        "nixpkgs": "nixpkgs"
      }
    }
  },
  "root": "root",
  "version": 7
}
